
Microsoft Visual Studio Solution File, Format Version 12.00
# Visual Studio Version 17
VisualStudioVersion = 17.1.32414.318
MinimumVisualStudioVersion = 10.0.40219.1
Project("{FAE04EC0-301F-11D3-BF4B-00C04F79EFBC}") = "Questionnarie2", "Questionnarie2.csproj", "{598AE3A5-04C1-4623-A25F-B6C732EA4F3E}"
EndProject
Global
	GlobalSection(SolutionConfigurationPlatforms) = preSolution
		Debug|Any CPU = Debug|Any CPU
		Release|Any CPU = Release|Any CPU
	EndGlobalSection
	GlobalSection(ProjectConfigurationPlatforms) = postSolution
		{598AE3A5-04C1-4623-A25F-B6C732EA4F3E}.Debug|Any CPU.ActiveCfg = Debug|Any CPU
		{598AE3A5-04C1-4623-A25F-B6C732EA4F3E}.Debug|Any CPU.Build.0 = Debug|Any CPU
		{598AE3A5-04C1-4623-A25F-B6C732EA4F3E}.Release|Any CPU.ActiveCfg = Release|Any CPU
		{598AE3A5-04C1-4623-A25F-B6C732EA4F3E}.Release|Any CPU.Build.0 = Release|Any CPU
	EndGlobalSection
	GlobalSection(SolutionProperties) = preSolution
		HideSolutionNode = FALSE
	EndGlobalSection
	GlobalSection(ExtensibilityGlobals) = postSolution
		SolutionGuid = {2A2C42C6-8D3F-401C-B380-5783B10BADB3}
	EndGlobalSection
EndGlobal
